// !$*UTF8*$!
{
	archiveVersion = 1;
	classes = {
	};
	objectVersion = 50;
	objects = {

/* Begin PBXBuildFile section */
		D92A4861261749B1008241A6 /* ConferencesViewModel.swift in Sources */ = {isa = PBXBuildFile; fileRef = D92A4860261749B1008241A6 /* ConferencesViewModel.swift */; };
		D95736B82606165E004E0CAF /* TuebixAppApp.swift in Sources */ = {isa = PBXBuildFile; fileRef = D95736B72606165E004E0CAF /* TuebixAppApp.swift */; };
		D95736BA2606165E004E0CAF /* ContentView.swift in Sources */ = {isa = PBXBuildFile; fileRef = D95736B92606165E004E0CAF /* ContentView.swift */; };
		D95736BC2606165F004E0CAF /* Assets.xcassets in Resources */ = {isa = PBXBuildFile; fileRef = D95736BB2606165F004E0CAF /* Assets.xcassets */; };
		D95736BF2606165F004E0CAF /* Preview Assets.xcassets in Resources */ = {isa = PBXBuildFile; fileRef = D95736BE2606165F004E0CAF /* Preview Assets.xcassets */; };
		D95736C12606165F004E0CAF /* Persistence.swift in Sources */ = {isa = PBXBuildFile; fileRef = D95736C02606165F004E0CAF /* Persistence.swift */; };
		D95736C42606165F004E0CAF /* TuebixApp.xcdatamodeld in Sources */ = {isa = PBXBuildFile; fileRef = D95736C22606165F004E0CAF /* TuebixApp.xcdatamodeld */; };
		D9862944263D607D000E58BE /* InformationTab.swift in Sources */ = {isa = PBXBuildFile; fileRef = D9862943263D607D000E58BE /* InformationTab.swift */; };
		D995C072261859080020DD62 /* CategoryRow.swift in Sources */ = {isa = PBXBuildFile; fileRef = D995C071261859080020DD62 /* CategoryRow.swift */; };
		D995C07826185C590020DD62 /* CategoryItem.swift in Sources */ = {isa = PBXBuildFile; fileRef = D995C07726185C590020DD62 /* CategoryItem.swift */; };
		D998E2CC26399188005806D0 /* ButtonShare.swift in Sources */ = {isa = PBXBuildFile; fileRef = D998E2CB26399188005806D0 /* ButtonShare.swift */; };
		D9AF1153260DBFB30008014C /* NetworkData.swift in Sources */ = {isa = PBXBuildFile; fileRef = D9AF1152260DBFB30008014C /* NetworkData.swift */; };
		D9AF1158260DC58E0008014C /* config.swift in Sources */ = {isa = PBXBuildFile; fileRef = D9AF1157260DC58E0008014C /* config.swift */; };
		D9AF115D260DCB4F0008014C /* ConferenceParser.swift in Sources */ = {isa = PBXBuildFile; fileRef = D9AF115C260DCB4F0008014C /* ConferenceParser.swift */; };
		D9BE7DBA263D8AAE00F44CD8 /* SearchBar.swift in Sources */ = {isa = PBXBuildFile; fileRef = D9BE7DB9263D8AAE00F44CD8 /* SearchBar.swift */; };
		D9DC9A37261869A60091DC08 /* CategoryYear.swift in Sources */ = {isa = PBXBuildFile; fileRef = D9DC9A36261869A60091DC08 /* CategoryYear.swift */; };
		D9E171372618730000FF3646 /* ConferenceList.swift in Sources */ = {isa = PBXBuildFile; fileRef = D9E171362618730000FF3646 /* ConferenceList.swift */; };
		D9ED38C226189C09000FD939 /* BasicTalkDetail.swift in Sources */ = {isa = PBXBuildFile; fileRef = D9ED38C126189C09000FD939 /* BasicTalkDetail.swift */; };
		D9ED38C826189C2A000FD939 /* VideoTalkDetail.swift in Sources */ = {isa = PBXBuildFile; fileRef = D9ED38C726189C2A000FD939 /* VideoTalkDetail.swift */; };
/* End PBXBuildFile section */

/* Begin PBXFileReference section */
		D92A4860261749B1008241A6 /* ConferencesViewModel.swift */ = {isa = PBXFileReference; lastKnownFileType = sourcecode.swift; path = ConferencesViewModel.swift; sourceTree = "<group>"; };
		D95736B42606165E004E0CAF /* TuebixApp.app */ = {isa = PBXFileReference; explicitFileType = wrapper.application; includeInIndex = 0; path = TuebixApp.app; sourceTree = BUILT_PRODUCTS_DIR; };
		D95736B72606165E004E0CAF /* TuebixAppApp.swift */ = {isa = PBXFileReference; lastKnownFileType = sourcecode.swift; path = TuebixAppApp.swift; sourceTree = "<group>"; };
		D95736B92606165E004E0CAF /* ContentView.swift */ = {isa = PBXFileReference; lastKnownFileType = sourcecode.swift; path = ContentView.swift; sourceTree = "<group>"; };
		D95736BB2606165F004E0CAF /* Assets.xcassets */ = {isa = PBXFileReference; lastKnownFileType = folder.assetcatalog; path = Assets.xcassets; sourceTree = "<group>"; };
		D95736BE2606165F004E0CAF /* Preview Assets.xcassets */ = {isa = PBXFileReference; lastKnownFileType = folder.assetcatalog; path = "Preview Assets.xcassets"; sourceTree = "<group>"; };
		D95736C02606165F004E0CAF /* Persistence.swift */ = {isa = PBXFileReference; lastKnownFileType = sourcecode.swift; path = Persistence.swift; sourceTree = "<group>"; };
		D95736C32606165F004E0CAF /* TuebixApp.xcdatamodel */ = {isa = PBXFileReference; lastKnownFileType = wrapper.xcdatamodel; path = TuebixApp.xcdatamodel; sourceTree = "<group>"; };
		D95736C52606165F004E0CAF /* Info.plist */ = {isa = PBXFileReference; lastKnownFileType = text.plist.xml; path = Info.plist; sourceTree = "<group>"; };
		D9862943263D607D000E58BE /* InformationTab.swift */ = {isa = PBXFileReference; lastKnownFileType = sourcecode.swift; path = InformationTab.swift; sourceTree = "<group>"; };
		D995C071261859080020DD62 /* CategoryRow.swift */ = {isa = PBXFileReference; lastKnownFileType = sourcecode.swift; path = CategoryRow.swift; sourceTree = "<group>"; };
		D995C07726185C590020DD62 /* CategoryItem.swift */ = {isa = PBXFileReference; lastKnownFileType = sourcecode.swift; path = CategoryItem.swift; sourceTree = "<group>"; };
		D998E2CB26399188005806D0 /* ButtonShare.swift */ = {isa = PBXFileReference; lastKnownFileType = sourcecode.swift; path = ButtonShare.swift; sourceTree = "<group>"; };
		D9AF1152260DBFB30008014C /* NetworkData.swift */ = {isa = PBXFileReference; lastKnownFileType = sourcecode.swift; path = NetworkData.swift; sourceTree = "<group>"; };
		D9AF1157260DC58E0008014C /* config.swift */ = {isa = PBXFileReference; lastKnownFileType = sourcecode.swift; path = config.swift; sourceTree = "<group>"; };
		D9AF115C260DCB4F0008014C /* ConferenceParser.swift */ = {isa = PBXFileReference; lastKnownFileType = sourcecode.swift; path = ConferenceParser.swift; sourceTree = "<group>"; };
		D9BE7DB9263D8AAE00F44CD8 /* SearchBar.swift */ = {isa = PBXFileReference; lastKnownFileType = sourcecode.swift; path = SearchBar.swift; sourceTree = "<group>"; };
		D9DC9A36261869A60091DC08 /* CategoryYear.swift */ = {isa = PBXFileReference; lastKnownFileType = sourcecode.swift; path = CategoryYear.swift; sourceTree = "<group>"; };
		D9E171362618730000FF3646 /* ConferenceList.swift */ = {isa = PBXFileReference; lastKnownFileType = sourcecode.swift; path = ConferenceList.swift; sourceTree = "<group>"; };
		D9ED38C126189C09000FD939 /* BasicTalkDetail.swift */ = {isa = PBXFileReference; lastKnownFileType = sourcecode.swift; path = BasicTalkDetail.swift; sourceTree = "<group>"; };
		D9ED38C726189C2A000FD939 /* VideoTalkDetail.swift */ = {isa = PBXFileReference; lastKnownFileType = sourcecode.swift; path = VideoTalkDetail.swift; sourceTree = "<group>"; };
/* End PBXFileReference section */

/* Begin PBXFrameworksBuildPhase section */
		D95736B12606165E004E0CAF /* Frameworks */ = {
			isa = PBXFrameworksBuildPhase;
			buildActionMask = 2147483647;
			files = (
			);
			runOnlyForDeploymentPostprocessing = 0;
		};
/* End PBXFrameworksBuildPhase section */

/* Begin PBXGroup section */
		D95736AB2606165E004E0CAF = {
			isa = PBXGroup;
			children = (
				D95736B62606165E004E0CAF /* TuebixApp */,
				D95736B52606165E004E0CAF /* Products */,
			);
			sourceTree = "<group>";
		};
		D95736B52606165E004E0CAF /* Products */ = {
			isa = PBXGroup;
			children = (
				D95736B42606165E004E0CAF /* TuebixApp.app */,
			);
			name = Products;
			sourceTree = "<group>";
		};
		D95736B62606165E004E0CAF /* TuebixApp */ = {
			isa = PBXGroup;
			children = (
				D9AF115A260DC5950008014C /* settings */,
				D95736B72606165E004E0CAF /* TuebixAppApp.swift */,
				D92A4860261749B1008241A6 /* ConferencesViewModel.swift */,
				D995C0742618590F0020DD62 /* Views */,
				D9AF1155260DBFBA0008014C /* services */,
				D95736BB2606165F004E0CAF /* Assets.xcassets */,
				D95736C02606165F004E0CAF /* Persistence.swift */,
				D95736C52606165F004E0CAF /* Info.plist */,
				D95736C22606165F004E0CAF /* TuebixApp.xcdatamodeld */,
				D95736BD2606165F004E0CAF /* Preview Content */,
			);
			path = TuebixApp;
			sourceTree = "<group>";
		};
		D95736BD2606165F004E0CAF /* Preview Content */ = {
			isa = PBXGroup;
			children = (
				D95736BE2606165F004E0CAF /* Preview Assets.xcassets */,
			);
			path = "Preview Content";
			sourceTree = "<group>";
		};
		D995C0742618590F0020DD62 /* Views */ = {
			isa = PBXGroup;
			children = (
				D9BE7DB8263D8A9100F44CD8 /* Elements */,
				D9862943263D607D000E58BE /* InformationTab.swift */,
				D95736B92606165E004E0CAF /* ContentView.swift */,
				D995C071261859080020DD62 /* CategoryRow.swift */,
				D9DC9A36261869A60091DC08 /* CategoryYear.swift */,
				D9E171362618730000FF3646 /* ConferenceList.swift */,
				D9ED38C426189C12000FD939 /* DetailViews */,
				D995C07726185C590020DD62 /* CategoryItem.swift */,
			);
			path = Views;
			sourceTree = "<group>";
		};
		D998E2CA26399169005806D0 /* Buttons */ = {
			isa = PBXGroup;
			children = (
				D998E2CB26399188005806D0 /* ButtonShare.swift */,
			);
			path = Buttons;
			sourceTree = "<group>";
		};
		D9AF1155260DBFBA0008014C /* services */ = {
			isa = PBXGroup;
			children = (
				D9AF1152260DBFB30008014C /* NetworkData.swift */,
				D9AF115C260DCB4F0008014C /* ConferenceParser.swift */,
			);
			path = services;
			sourceTree = "<group>";
		};
		D9AF115A260DC5950008014C /* settings */ = {
			isa = PBXGroup;
			children = (
				D9AF1157260DC58E0008014C /* config.swift */,
			);
			path = settings;
			sourceTree = "<group>";
		};
		D9BE7DB8263D8A9100F44CD8 /* Elements */ = {
			isa = PBXGroup;
			children = (
				D998E2CA26399169005806D0 /* Buttons */,
				D9BE7DB9263D8AAE00F44CD8 /* SearchBar.swift */,
			);
			path = Elements;
			sourceTree = "<group>";
		};
		D9ED38C426189C12000FD939 /* DetailViews */ = {
			isa = PBXGroup;
			children = (
				D9ED38C126189C09000FD939 /* BasicTalkDetail.swift */,
				D9ED38C726189C2A000FD939 /* VideoTalkDetail.swift */,
			);
			path = DetailViews;
			sourceTree = "<group>";
		};
/* End PBXGroup section */

/* Begin PBXNativeTarget section */
		D95736B32606165E004E0CAF /* TuebixApp */ = {
			isa = PBXNativeTarget;
			buildConfigurationList = D95736C82606165F004E0CAF /* Build configuration list for PBXNativeTarget "TuebixApp" */;
			buildPhases = (
				D95736B02606165E004E0CAF /* Sources */,
				D95736B12606165E004E0CAF /* Frameworks */,
				D95736B22606165E004E0CAF /* Resources */,
			);
			buildRules = (
			);
			dependencies = (
			);
			name = TuebixApp;
			productName = TuebixApp;
			productReference = D95736B42606165E004E0CAF /* TuebixApp.app */;
			productType = "com.apple.product-type.application";
		};
/* End PBXNativeTarget section */

/* Begin PBXProject section */
		D95736AC2606165E004E0CAF /* Project object */ = {
			isa = PBXProject;
			attributes = {
				LastSwiftUpdateCheck = 1240;
				LastUpgradeCheck = 1240;
				TargetAttributes = {
					D95736B32606165E004E0CAF = {
						CreatedOnToolsVersion = 12.4;
					};
				};
			};
			buildConfigurationList = D95736AF2606165E004E0CAF /* Build configuration list for PBXProject "TuebixApp" */;
			compatibilityVersion = "Xcode 9.3";
			developmentRegion = en;
			hasScannedForEncodings = 0;
			knownRegions = (
				en,
				Base,
			);
			mainGroup = D95736AB2606165E004E0CAF;
			productRefGroup = D95736B52606165E004E0CAF /* Products */;
			projectDirPath = "";
			projectRoot = "";
			targets = (
				D95736B32606165E004E0CAF /* TuebixApp */,
			);
		};
/* End PBXProject section */

/* Begin PBXResourcesBuildPhase section */
		D95736B22606165E004E0CAF /* Resources */ = {
			isa = PBXResourcesBuildPhase;
			buildActionMask = 2147483647;
			files = (
				D95736BF2606165F004E0CAF /* Preview Assets.xcassets in Resources */,
				D95736BC2606165F004E0CAF /* Assets.xcassets in Resources */,
			);
			runOnlyForDeploymentPostprocessing = 0;
		};
/* End PBXResourcesBuildPhase section */

/* Begin PBXSourcesBuildPhase section */
		D95736B02606165E004E0CAF /* Sources */ = {
			isa = PBXSourcesBuildPhase;
			buildActionMask = 2147483647;
			files = (
				D9ED38C226189C09000FD939 /* BasicTalkDetail.swift in Sources */,
				D95736C42606165F004E0CAF /* TuebixApp.xcdatamodeld in Sources */,
				D95736C12606165F004E0CAF /* Persistence.swift in Sources */,
				D95736BA2606165E004E0CAF /* ContentView.swift in Sources */,
				D9AF115D260DCB4F0008014C /* ConferenceParser.swift in Sources */,
				D92A4861261749B1008241A6 /* ConferencesViewModel.swift in Sources */,
				D9AF1158260DC58E0008014C /* config.swift in Sources */,
				D9AF1153260DBFB30008014C /* NetworkData.swift in Sources */,
				D995C072261859080020DD62 /* CategoryRow.swift in Sources */,
				D998E2CC26399188005806D0 /* ButtonShare.swift in Sources */,
				D9BE7DBA263D8AAE00F44CD8 /* SearchBar.swift in Sources */,
				D995C07826185C590020DD62 /* CategoryItem.swift in Sources */,
				D95736B82606165E004E0CAF /* TuebixAppApp.swift in Sources */,
				D9862944263D607D000E58BE /* InformationTab.swift in Sources */,
				D9DC9A37261869A60091DC08 /* CategoryYear.swift in Sources */,
				D9ED38C826189C2A000FD939 /* VideoTalkDetail.swift in Sources */,
				D9E171372618730000FF3646 /* ConferenceList.swift in Sources */,
			);
			runOnlyForDeploymentPostprocessing = 0;
		};
/* End PBXSourcesBuildPhase section */

/* Begin XCBuildConfiguration section */
		D95736C62606165F004E0CAF /* Debug */ = {
			isa = XCBuildConfiguration;
			buildSettings = {
				ALWAYS_SEARCH_USER_PATHS = NO;
				CLANG_ANALYZER_NONNULL = YES;
				CLANG_ANALYZER_NUMBER_OBJECT_CONVERSION = YES_AGGRESSIVE;
				CLANG_CXX_LANGUAGE_STANDARD = "gnu++14";
				CLANG_CXX_LIBRARY = "libc++";
				CLANG_ENABLE_MODULES = YES;
				CLANG_ENABLE_OBJC_ARC = YES;
				CLANG_ENABLE_OBJC_WEAK = YES;
				CLANG_WARN_BLOCK_CAPTURE_AUTORELEASING = YES;
				CLANG_WARN_BOOL_CONVERSION = YES;
				CLANG_WARN_COMMA = YES;
				CLANG_WARN_CONSTANT_CONVERSION = YES;
				CLANG_WARN_DEPRECATED_OBJC_IMPLEMENTATIONS = YES;
				CLANG_WARN_DIRECT_OBJC_ISA_USAGE = YES_ERROR;
				CLANG_WARN_DOCUMENTATION_COMMENTS = YES;
				CLANG_WARN_EMPTY_BODY = YES;
				CLANG_WARN_ENUM_CONVERSION = YES;
				CLANG_WARN_INFINITE_RECURSION = YES;
				CLANG_WARN_INT_CONVERSION = YES;
				CLANG_WARN_NON_LITERAL_NULL_CONVERSION = YES;
				CLANG_WARN_OBJC_IMPLICIT_RETAIN_SELF = YES;
				CLANG_WARN_OBJC_LITERAL_CONVERSION = YES;
				CLANG_WARN_OBJC_ROOT_CLASS = YES_ERROR;
				CLANG_WARN_QUOTED_INCLUDE_IN_FRAMEWORK_HEADER = YES;
				CLANG_WARN_RANGE_LOOP_ANALYSIS = YES;
				CLANG_WARN_STRICT_PROTOTYPES = YES;
				CLANG_WARN_SUSPICIOUS_MOVE = YES;
				CLANG_WARN_UNGUARDED_AVAILABILITY = YES_AGGRESSIVE;
				CLANG_WARN_UNREACHABLE_CODE = YES;
				CLANG_WARN__DUPLICATE_METHOD_MATCH = YES;
				COPY_PHASE_STRIP = NO;
				DEBUG_INFORMATION_FORMAT = dwarf;
				ENABLE_STRICT_OBJC_MSGSEND = YES;
				ENABLE_TESTABILITY = YES;
				GCC_C_LANGUAGE_STANDARD = gnu11;
				GCC_DYNAMIC_NO_PIC = NO;
				GCC_NO_COMMON_BLOCKS = YES;
				GCC_OPTIMIZATION_LEVEL = 0;
				GCC_PREPROCESSOR_DEFINITIONS = (
					"DEBUG=1",
					"$(inherited)",
				);
				GCC_WARN_64_TO_32_BIT_CONVERSION = YES;
				GCC_WARN_ABOUT_RETURN_TYPE = YES_ERROR;
				GCC_WARN_UNDECLARED_SELECTOR = YES;
				GCC_WARN_UNINITIALIZED_AUTOS = YES_AGGRESSIVE;
				GCC_WARN_UNUSED_FUNCTION = YES;
				GCC_WARN_UNUSED_VARIABLE = YES;
				IPHONEOS_DEPLOYMENT_TARGET = 14.4;
				MTL_ENABLE_DEBUG_INFO = INCLUDE_SOURCE;
				MTL_FAST_MATH = YES;
				ONLY_ACTIVE_ARCH = YES;
				SDKROOT = iphoneos;
				SWIFT_ACTIVE_COMPILATION_CONDITIONS = DEBUG;
				SWIFT_OPTIMIZATION_LEVEL = "-Onone";
			};
			name = Debug;
		};
		D95736C72606165F004E0CAF /* Release */ = {
			isa = XCBuildConfiguration;
			buildSettings = {
				ALWAYS_SEARCH_USER_PATHS = NO;
				CLANG_ANALYZER_NONNULL = YES;
				CLANG_ANALYZER_NUMBER_OBJECT_CONVERSION = YES_AGGRESSIVE;
				CLANG_CXX_LANGUAGE_STANDARD = "gnu++14";
				CLANG_CXX_LIBRARY = "libc++";
				CLANG_ENABLE_MODULES = YES;
				CLANG_ENABLE_OBJC_ARC = YES;
				CLANG_ENABLE_OBJC_WEAK = YES;
				CLANG_WARN_BLOCK_CAPTURE_AUTORELEASING = YES;
				CLANG_WARN_BOOL_CONVERSION = YES;
				CLANG_WARN_COMMA = YES;
				CLANG_WARN_CONSTANT_CONVERSION = YES;
				CLANG_WARN_DEPRECATED_OBJC_IMPLEMENTATIONS = YES;
				CLANG_WARN_DIRECT_OBJC_ISA_USAGE = YES_ERROR;
				CLANG_WARN_DOCUMENTATION_COMMENTS = YES;
				CLANG_WARN_EMPTY_BODY = YES;
				CLANG_WARN_ENUM_CONVERSION = YES;
				CLANG_WARN_INFINITE_RECURSION = YES;
				CLANG_WARN_INT_CONVERSION = YES;
				CLANG_WARN_NON_LITERAL_NULL_CONVERSION = YES;
				CLANG_WARN_OBJC_IMPLICIT_RETAIN_SELF = YES;
				CLANG_WARN_OBJC_LITERAL_CONVERSION = YES;
				CLANG_WARN_OBJC_ROOT_CLASS = YES_ERROR;
				CLANG_WARN_QUOTED_INCLUDE_IN_FRAMEWORK_HEADER = YES;
				CLANG_WARN_RANGE_LOOP_ANALYSIS = YES;
				CLANG_WARN_STRICT_PROTOTYPES = YES;
				CLANG_WARN_SUSPICIOUS_MOVE = YES;
				CLANG_WARN_UNGUARDED_AVAILABILITY = YES_AGGRESSIVE;
				CLANG_WARN_UNREACHABLE_CODE = YES;
				CLANG_WARN__DUPLICATE_METHOD_MATCH = YES;
				COPY_PHASE_STRIP = NO;
				DEBUG_INFORMATION_FORMAT = "dwarf-with-dsym";
				ENABLE_NS_ASSERTIONS = NO;
				ENABLE_STRICT_OBJC_MSGSEND = YES;
				GCC_C_LANGUAGE_STANDARD = gnu11;
				GCC_NO_COMMON_BLOCKS = YES;
				GCC_WARN_64_TO_32_BIT_CONVERSION = YES;
				GCC_WARN_ABOUT_RETURN_TYPE = YES_ERROR;
				GCC_WARN_UNDECLARED_SELECTOR = YES;
				GCC_WARN_UNINITIALIZED_AUTOS = YES_AGGRESSIVE;
				GCC_WARN_UNUSED_FUNCTION = YES;
				GCC_WARN_UNUSED_VARIABLE = YES;
				IPHONEOS_DEPLOYMENT_TARGET = 14.4;
				MTL_ENABLE_DEBUG_INFO = NO;
				MTL_FAST_MATH = YES;
				SDKROOT = iphoneos;
				SWIFT_COMPILATION_MODE = wholemodule;
				SWIFT_OPTIMIZATION_LEVEL = "-O";
				VALIDATE_PRODUCT = YES;
			};
			name = Release;
		};
		D95736C92606165F004E0CAF /* Debug */ = {
			isa = XCBuildConfiguration;
			buildSettings = {
				ASSETCATALOG_COMPILER_APPICON_NAME = AppIcon;
				ASSETCATALOG_COMPILER_GLOBAL_ACCENT_COLOR_NAME = AccentColor;
				CODE_SIGN_STYLE = Automatic;
				CURRENT_PROJECT_VERSION = 1;
				DEVELOPMENT_ASSET_PATHS = "\"TuebixApp/Preview Content\"";
				DEVELOPMENT_TEAM = NS324YBDQX;
				ENABLE_PREVIEWS = YES;
				INFOPLIST_FILE = TuebixApp/Info.plist;
				IPHONEOS_DEPLOYMENT_TARGET = 14.0;
				LD_RUNPATH_SEARCH_PATHS = (
					"$(inherited)",
					"@executable_path/Frameworks",
				);
				MARKETING_VERSION = 2.0.6;
				PRODUCT_BUNDLE_IDENTIFIER = com.alejandro.aeglos.TuebixApp;
				PRODUCT_NAME = "$(TARGET_NAME)";
				SWIFT_VERSION = 5.0;
				TARGETED_DEVICE_FAMILY = "1,2";
			};
			name = Debug;
		};
		D95736CA2606165F004E0CAF /* Release */ = {
			isa = XCBuildConfiguration;
			buildSettings = {
				ASSETCATALOG_COMPILER_APPICON_NAME = AppIcon;
				ASSETCATALOG_COMPILER_GLOBAL_ACCENT_COLOR_NAME = AccentColor;
				CODE_SIGN_STYLE = Automatic;
				CURRENT_PROJECT_VERSION = 1;
				DEVELOPMENT_ASSET_PATHS = "\"TuebixApp/Preview Content\"";
				DEVELOPMENT_TEAM = NS324YBDQX;
				ENABLE_PREVIEWS = YES;
				INFOPLIST_FILE = TuebixApp/Info.plist;
				IPHONEOS_DEPLOYMENT_TARGET = 14.0;
				LD_RUNPATH_SEARCH_PATHS = (
					"$(inherited)",
					"@executable_path/Frameworks",
				);
				MARKETING_VERSION = 2.0.6;
				PRODUCT_BUNDLE_IDENTIFIER = com.alejandro.aeglos.TuebixApp;
				PRODUCT_NAME = "$(TARGET_NAME)";
				SWIFT_VERSION = 5.0;
				TARGETED_DEVICE_FAMILY = "1,2";
			};
			name = Release;
		};
/* End XCBuildConfiguration section */

/* Begin XCConfigurationList section */
		D95736AF2606165E004E0CAF /* Build configuration list for PBXProject "TuebixApp" */ = {
			isa = XCConfigurationList;
			buildConfigurations = (
				D95736C62606165F004E0CAF /* Debug */,
				D95736C72606165F004E0CAF /* Release */,
			);
			defaultConfigurationIsVisible = 0;
			defaultConfigurationName = Release;
		};
		D95736C82606165F004E0CAF /* Build configuration list for PBXNativeTarget "TuebixApp" */ = {
			isa = XCConfigurationList;
			buildConfigurations = (
				D95736C92606165F004E0CAF /* Debug */,
				D95736CA2606165F004E0CAF /* Release */,
			);
			defaultConfigurationIsVisible = 0;
			defaultConfigurationName = Release;
		};
/* End XCConfigurationList section */

/* Begin XCVersionGroup section */
		D95736C22606165F004E0CAF /* TuebixApp.xcdatamodeld */ = {
			isa = XCVersionGroup;
			children = (
				D95736C32606165F004E0CAF /* TuebixApp.xcdatamodel */,
			);
			currentVersion = D95736C32606165F004E0CAF /* TuebixApp.xcdatamodel */;
			path = TuebixApp.xcdatamodeld;
			sourceTree = "<group>";
			versionGroupType = wrapper.xcdatamodel;
		};
/* End XCVersionGroup section */
	};
	rootObject = D95736AC2606165E004E0CAF /* Project object */;
}
